
Microsoft Visual Studio Solution File, Format Version 12.00
# Visual Studio Version 16
VisualStudioVersion = 16.0.32106.194
MinimumVisualStudioVersion = 10.0.40219.1
Project("{FAE04EC0-301F-11D3-BF4B-00C04F79EFBC}") = "Mission4", "Mission4\Mission4.csproj", "{EF65A6ED-D6AA-4FF8-88EF-F6A69066FAFC}"
EndProject
Global
	GlobalSection(SolutionConfigurationPlatforms) = preSolution
		Debug|Any CPU = Debug|Any CPU
		Release|Any CPU = Release|Any CPU
	EndGlobalSection
	GlobalSection(ProjectConfigurationPlatforms) = postSolution
		{EF65A6ED-D6AA-4FF8-88EF-F6A69066FAFC}.Debug|Any CPU.ActiveCfg = Debug|Any CPU
		{EF65A6ED-D6AA-4FF8-88EF-F6A69066FAFC}.Debug|Any CPU.Build.0 = Debug|Any CPU
		{EF65A6ED-D6AA-4FF8-88EF-F6A69066FAFC}.Release|Any CPU.ActiveCfg = Release|Any CPU
		{EF65A6ED-D6AA-4FF8-88EF-F6A69066FAFC}.Release|Any CPU.Build.0 = Release|Any CPU
	EndGlobalSection
	GlobalSection(SolutionProperties) = preSolution
		HideSolutionNode = FALSE
	EndGlobalSection
	GlobalSection(ExtensibilityGlobals) = postSolution
		SolutionGuid = {861EBCC6-0C81-41E5-A709-E6BF474219CB}
	EndGlobalSection
EndGlobal
